{
  "name": "SiteGrid",
  "lockfileVersion": 3,
  "requires": true,
  "packages": {
    "": {
      "dependencies": {
        "js-circle-progress": "^1.0.0-beta.0"
      }
    },
    "node_modules/js-circle-progress": {
      "version": "1.0.0-beta.0",
      "resolved": "https://registry.npmjs.org/js-circle-progress/-/js-circle-progress-1.0.0-beta.0.tgz",
      "integrity": "sha512-ifwWDexa1xZK36ClnnQUGQxlTXXNXhFwIVMt3cQA5vExOSpka9KNo1ZbFPFLJH7qmD0tcxArg3GkVOQkfIz8xQ==",
      "license": "MIT"
    }
  }
}
